
Microsoft Visual Studio Solution File, Format Version 12.00
# Visual Studio 15
VisualStudioVersion = 15.0.28010.2048
MinimumVisualStudioVersion = 10.0.40219.1
Project("{FAE04EC0-301F-11D3-BF4B-00C04F79EFBC}") = "29.11.18 siurey bait", "29.11.18 siurey bait\29.11.18 siurey bait.csproj", "{7CA2AAF6-07B0-44B7-9D0F-FFCBF4047C55}"
EndProject
Project("{FAE04EC0-301F-11D3-BF4B-00C04F79EFBC}") = "sheela 2", "sheela 2\sheela 2.csproj", "{95E8BE38-E1D4-43EA-A523-DA5189C89C99}"
EndProject
Project("{FAE04EC0-301F-11D3-BF4B-00C04F79EFBC}") = "sheela3", "sheela3\sheela3.csproj", "{72454C75-AFBA-453E-B478-8399DF0955FF}"
EndProject
Global
	GlobalSection(SolutionConfigurationPlatforms) = preSolution
		Debug|Any CPU = Debug|Any CPU
		Release|Any CPU = Release|Any CPU
	EndGlobalSection
	GlobalSection(ProjectConfigurationPlatforms) = postSolution
		{7CA2AAF6-07B0-44B7-9D0F-FFCBF4047C55}.Debug|Any CPU.ActiveCfg = Debug|Any CPU
		{7CA2AAF6-07B0-44B7-9D0F-FFCBF4047C55}.Debug|Any CPU.Build.0 = Debug|Any CPU
		{7CA2AAF6-07B0-44B7-9D0F-FFCBF4047C55}.Release|Any CPU.ActiveCfg = Release|Any CPU
		{7CA2AAF6-07B0-44B7-9D0F-FFCBF4047C55}.Release|Any CPU.Build.0 = Release|Any CPU
		{95E8BE38-E1D4-43EA-A523-DA5189C89C99}.Debug|Any CPU.ActiveCfg = Debug|Any CPU
		{95E8BE38-E1D4-43EA-A523-DA5189C89C99}.Debug|Any CPU.Build.0 = Debug|Any CPU
		{95E8BE38-E1D4-43EA-A523-DA5189C89C99}.Release|Any CPU.ActiveCfg = Release|Any CPU
		{95E8BE38-E1D4-43EA-A523-DA5189C89C99}.Release|Any CPU.Build.0 = Release|Any CPU
		{72454C75-AFBA-453E-B478-8399DF0955FF}.Debug|Any CPU.ActiveCfg = Debug|Any CPU
		{72454C75-AFBA-453E-B478-8399DF0955FF}.Debug|Any CPU.Build.0 = Debug|Any CPU
		{72454C75-AFBA-453E-B478-8399DF0955FF}.Release|Any CPU.ActiveCfg = Release|Any CPU
		{72454C75-AFBA-453E-B478-8399DF0955FF}.Release|Any CPU.Build.0 = Release|Any CPU
	EndGlobalSection
	GlobalSection(SolutionProperties) = preSolution
		HideSolutionNode = FALSE
	EndGlobalSection
	GlobalSection(ExtensibilityGlobals) = postSolution
		SolutionGuid = {7918E872-6864-431D-AEE4-D1F621361C84}
	EndGlobalSection
EndGlobal
